
Microsoft Visual Studio Solution File, Format Version 12.00
# Visual Studio Version 17
VisualStudioVersion = 17.7.34018.315
MinimumVisualStudioVersion = 10.0.40219.1
Project("{9A19103F-16F7-4668-BE54-9A1E7A4F7556}") = "ToDoList", "ToDoList\ToDoList.csproj", "{E4AE5404-C361-4154-9B0C-BDCB2E76C0D5}"
EndProject
Project("{FAE04EC0-301F-11D3-BF4B-00C04F79EFBC}") = "Calculator", "Calculator\Calculator.csproj", "{10D54C18-D633-49A6-A11D-0B4531454AAF}"
EndProject
Global
	GlobalSection(SolutionConfigurationPlatforms) = preSolution
		Debug|Any CPU = Debug|Any CPU
		Release|Any CPU = Release|Any CPU
	EndGlobalSection
	GlobalSection(ProjectConfigurationPlatforms) = postSolution
		{E4AE5404-C361-4154-9B0C-BDCB2E76C0D5}.Debug|Any CPU.ActiveCfg = Debug|Any CPU
		{E4AE5404-C361-4154-9B0C-BDCB2E76C0D5}.Debug|Any CPU.Build.0 = Debug|Any CPU
		{E4AE5404-C361-4154-9B0C-BDCB2E76C0D5}.Release|Any CPU.ActiveCfg = Release|Any CPU
		{E4AE5404-C361-4154-9B0C-BDCB2E76C0D5}.Release|Any CPU.Build.0 = Release|Any CPU
		{10D54C18-D633-49A6-A11D-0B4531454AAF}.Debug|Any CPU.ActiveCfg = Debug|Any CPU
		{10D54C18-D633-49A6-A11D-0B4531454AAF}.Debug|Any CPU.Build.0 = Debug|Any CPU
		{10D54C18-D633-49A6-A11D-0B4531454AAF}.Release|Any CPU.ActiveCfg = Release|Any CPU
		{10D54C18-D633-49A6-A11D-0B4531454AAF}.Release|Any CPU.Build.0 = Release|Any CPU
	EndGlobalSection
	GlobalSection(SolutionProperties) = preSolution
		HideSolutionNode = FALSE
	EndGlobalSection
	GlobalSection(ExtensibilityGlobals) = postSolution
		SolutionGuid = {6E098538-9D3F-4DDC-BBFB-51014943FE83}
	EndGlobalSection
EndGlobal
